
Microsoft Visual Studio Solution File, Format Version 12.00
# Visual Studio Version 17
VisualStudioVersion = 17.5.33424.131
MinimumVisualStudioVersion = 10.0.40219.1
Project("{8BC9CEB8-8B4A-11D0-8D11-00A0C91BC942}") = "read", "sandbox\read\read.vcxproj", "{D35D0895-2B6A-4FFD-98DD-1F7603B6031E}"
EndProject
Project("{8BC9CEB8-8B4A-11D0-8D11-00A0C91BC942}") = "write", "sandbox\write\write.vcxproj", "{57757025-91E4-4359-A1F4-2791D175E4F8}"
EndProject
Project("{2150E333-8FDC-42A3-9474-1A3956D46DE8}") = "Sandbox", "Sandbox", "{73C297FB-978E-4F54-8E80-D1DC3070581C}"
EndProject
Project("{8BC9CEB8-8B4A-11D0-8D11-00A0C91BC942}") = "common", "openssl\common\common.vcxproj", "{D7359AA8-795E-42AC-9F79-66601EA5C41C}"
EndProject
Project("{8BC9CEB8-8B4A-11D0-8D11-00A0C91BC942}") = "poll", "sandbox\poll\poll.vcxproj", "{DDF5C8B9-7880-4E13-BC5F-4F253180A447}"
EndProject
Project("{2150E333-8FDC-42A3-9474-1A3956D46DE8}") = "OpenSSL", "OpenSSL", "{8A9ECA90-74D3-49C0-9B0E-20EC7CEA9290}"
	ProjectSection(SolutionItems) = preProject
		README.md = README.md
	EndProjectSection
EndProject
Project("{8BC9CEB8-8B4A-11D0-8D11-00A0C91BC942}") = "stdin", "sandbox\stdin\stdin.vcxproj", "{8B728EA2-1295-4C0E-8BD2-7DA50FB36559}"
EndProject
Project("{8BC9CEB8-8B4A-11D0-8D11-00A0C91BC942}") = "conin", "sandbox\conin\conin.vcxproj", "{0A4060D4-2001-40B5-827E-086F0579CFBB}"
EndProject
Project("{8BC9CEB8-8B4A-11D0-8D11-00A0C91BC942}") = "ssl_client_nonblock", "openssl\ssl_client_nonblock\ssl_client_nonblock.vcxproj", "{382363F4-1724-44AF-A42E-4EB0844D695D}"
EndProject
Project("{8BC9CEB8-8B4A-11D0-8D11-00A0C91BC942}") = "ssl_server_nonblock", "openssl\ssl_server_nonblock\ssl_server_nonblock.vcxproj", "{116E03DE-F580-446B-81A6-0F8415A5729F}"
EndProject
Project("{8BC9CEB8-8B4A-11D0-8D11-00A0C91BC942}") = "tcp_client_nonblock", "openssl\tcp_client_nonblock\tcp_client_nonblock.vcxproj", "{14ADD037-E945-4686-8045-E647D3BDC584}"
EndProject
Project("{8BC9CEB8-8B4A-11D0-8D11-00A0C91BC942}") = "tcp_server_nonblock", "openssl\tcp_server_nonblock\tcp_server_nonblock.vcxproj", "{8C060DC7-AB32-4DD0-B52E-0CE7C82C5ECC}"
EndProject
Global
	GlobalSection(SolutionConfigurationPlatforms) = preSolution
		Debug|x64 = Debug|x64
		Debug|x86 = Debug|x86
		Release|x64 = Release|x64
		Release|x86 = Release|x86
	EndGlobalSection
	GlobalSection(ProjectConfigurationPlatforms) = postSolution
		{D35D0895-2B6A-4FFD-98DD-1F7603B6031E}.Debug|x64.ActiveCfg = Debug|x64
		{D35D0895-2B6A-4FFD-98DD-1F7603B6031E}.Debug|x64.Build.0 = Debug|x64
		{D35D0895-2B6A-4FFD-98DD-1F7603B6031E}.Debug|x86.ActiveCfg = Debug|x64
		{D35D0895-2B6A-4FFD-98DD-1F7603B6031E}.Debug|x86.Build.0 = Debug|x64
		{D35D0895-2B6A-4FFD-98DD-1F7603B6031E}.Release|x64.ActiveCfg = Release|x64
		{D35D0895-2B6A-4FFD-98DD-1F7603B6031E}.Release|x64.Build.0 = Release|x64
		{D35D0895-2B6A-4FFD-98DD-1F7603B6031E}.Release|x86.ActiveCfg = Release|x64
		{D35D0895-2B6A-4FFD-98DD-1F7603B6031E}.Release|x86.Build.0 = Release|x64
		{57757025-91E4-4359-A1F4-2791D175E4F8}.Debug|x64.ActiveCfg = Debug|x64
		{57757025-91E4-4359-A1F4-2791D175E4F8}.Debug|x64.Build.0 = Debug|x64
		{57757025-91E4-4359-A1F4-2791D175E4F8}.Debug|x86.ActiveCfg = Debug|x64
		{57757025-91E4-4359-A1F4-2791D175E4F8}.Debug|x86.Build.0 = Debug|x64
		{57757025-91E4-4359-A1F4-2791D175E4F8}.Release|x64.ActiveCfg = Release|x64
		{57757025-91E4-4359-A1F4-2791D175E4F8}.Release|x64.Build.0 = Release|x64
		{57757025-91E4-4359-A1F4-2791D175E4F8}.Release|x86.ActiveCfg = Release|x64
		{57757025-91E4-4359-A1F4-2791D175E4F8}.Release|x86.Build.0 = Release|x64
		{D7359AA8-795E-42AC-9F79-66601EA5C41C}.Debug|x64.ActiveCfg = Debug|x64
		{D7359AA8-795E-42AC-9F79-66601EA5C41C}.Debug|x64.Build.0 = Debug|x64
		{D7359AA8-795E-42AC-9F79-66601EA5C41C}.Debug|x86.ActiveCfg = Debug|x64
		{D7359AA8-795E-42AC-9F79-66601EA5C41C}.Debug|x86.Build.0 = Debug|x64
		{D7359AA8-795E-42AC-9F79-66601EA5C41C}.Release|x64.ActiveCfg = Release|x64
		{D7359AA8-795E-42AC-9F79-66601EA5C41C}.Release|x64.Build.0 = Release|x64
		{D7359AA8-795E-42AC-9F79-66601EA5C41C}.Release|x86.ActiveCfg = Release|x64
		{D7359AA8-795E-42AC-9F79-66601EA5C41C}.Release|x86.Build.0 = Release|x64
		{DDF5C8B9-7880-4E13-BC5F-4F253180A447}.Debug|x64.ActiveCfg = Debug|x64
		{DDF5C8B9-7880-4E13-BC5F-4F253180A447}.Debug|x64.Build.0 = Debug|x64
		{DDF5C8B9-7880-4E13-BC5F-4F253180A447}.Debug|x86.ActiveCfg = Debug|x64
		{DDF5C8B9-7880-4E13-BC5F-4F253180A447}.Debug|x86.Build.0 = Debug|x64
		{DDF5C8B9-7880-4E13-BC5F-4F253180A447}.Release|x64.ActiveCfg = Release|x64
		{DDF5C8B9-7880-4E13-BC5F-4F253180A447}.Release|x64.Build.0 = Release|x64
		{DDF5C8B9-7880-4E13-BC5F-4F253180A447}.Release|x86.ActiveCfg = Release|x64
		{DDF5C8B9-7880-4E13-BC5F-4F253180A447}.Release|x86.Build.0 = Release|x64
		{8B728EA2-1295-4C0E-8BD2-7DA50FB36559}.Debug|x64.ActiveCfg = Debug|x64
		{8B728EA2-1295-4C0E-8BD2-7DA50FB36559}.Debug|x64.Build.0 = Debug|x64
		{8B728EA2-1295-4C0E-8BD2-7DA50FB36559}.Debug|x86.ActiveCfg = Debug|x64
		{8B728EA2-1295-4C0E-8BD2-7DA50FB36559}.Debug|x86.Build.0 = Debug|x64
		{8B728EA2-1295-4C0E-8BD2-7DA50FB36559}.Release|x64.ActiveCfg = Release|x64
		{8B728EA2-1295-4C0E-8BD2-7DA50FB36559}.Release|x64.Build.0 = Release|x64
		{8B728EA2-1295-4C0E-8BD2-7DA50FB36559}.Release|x86.ActiveCfg = Release|x64
		{8B728EA2-1295-4C0E-8BD2-7DA50FB36559}.Release|x86.Build.0 = Release|x64
		{0A4060D4-2001-40B5-827E-086F0579CFBB}.Debug|x64.ActiveCfg = Debug|x64
		{0A4060D4-2001-40B5-827E-086F0579CFBB}.Debug|x64.Build.0 = Debug|x64
		{0A4060D4-2001-40B5-827E-086F0579CFBB}.Debug|x86.ActiveCfg = Debug|x64
		{0A4060D4-2001-40B5-827E-086F0579CFBB}.Debug|x86.Build.0 = Debug|x64
		{0A4060D4-2001-40B5-827E-086F0579CFBB}.Release|x64.ActiveCfg = Release|x64
		{0A4060D4-2001-40B5-827E-086F0579CFBB}.Release|x64.Build.0 = Release|x64
		{0A4060D4-2001-40B5-827E-086F0579CFBB}.Release|x86.ActiveCfg = Release|x64
		{0A4060D4-2001-40B5-827E-086F0579CFBB}.Release|x86.Build.0 = Release|x64
		{382363F4-1724-44AF-A42E-4EB0844D695D}.Debug|x64.ActiveCfg = Debug|x64
		{382363F4-1724-44AF-A42E-4EB0844D695D}.Debug|x64.Build.0 = Debug|x64
		{382363F4-1724-44AF-A42E-4EB0844D695D}.Debug|x86.ActiveCfg = Debug|x64
		{382363F4-1724-44AF-A42E-4EB0844D695D}.Debug|x86.Build.0 = Debug|x64
		{382363F4-1724-44AF-A42E-4EB0844D695D}.Release|x64.ActiveCfg = Release|x64
		{382363F4-1724-44AF-A42E-4EB0844D695D}.Release|x64.Build.0 = Release|x64
		{382363F4-1724-44AF-A42E-4EB0844D695D}.Release|x86.ActiveCfg = Release|x64
		{382363F4-1724-44AF-A42E-4EB0844D695D}.Release|x86.Build.0 = Release|x64
		{116E03DE-F580-446B-81A6-0F8415A5729F}.Debug|x64.ActiveCfg = Debug|x64
		{116E03DE-F580-446B-81A6-0F8415A5729F}.Debug|x64.Build.0 = Debug|x64
		{116E03DE-F580-446B-81A6-0F8415A5729F}.Debug|x86.ActiveCfg = Debug|x64
		{116E03DE-F580-446B-81A6-0F8415A5729F}.Debug|x86.Build.0 = Debug|x64
		{116E03DE-F580-446B-81A6-0F8415A5729F}.Release|x64.ActiveCfg = Release|x64
		{116E03DE-F580-446B-81A6-0F8415A5729F}.Release|x64.Build.0 = Release|x64
		{116E03DE-F580-446B-81A6-0F8415A5729F}.Release|x86.ActiveCfg = Release|x64
		{116E03DE-F580-446B-81A6-0F8415A5729F}.Release|x86.Build.0 = Release|x64
		{14ADD037-E945-4686-8045-E647D3BDC584}.Debug|x64.ActiveCfg = Debug|x64
		{14ADD037-E945-4686-8045-E647D3BDC584}.Debug|x64.Build.0 = Debug|x64
		{14ADD037-E945-4686-8045-E647D3BDC584}.Debug|x86.ActiveCfg = Debug|x64
		{14ADD037-E945-4686-8045-E647D3BDC584}.Debug|x86.Build.0 = Debug|x64
		{14ADD037-E945-4686-8045-E647D3BDC584}.Release|x64.ActiveCfg = Release|x64
		{14ADD037-E945-4686-8045-E647D3BDC584}.Release|x64.Build.0 = Release|x64
		{14ADD037-E945-4686-8045-E647D3BDC584}.Release|x86.ActiveCfg = Release|x64
		{14ADD037-E945-4686-8045-E647D3BDC584}.Release|x86.Build.0 = Release|x64
		{8C060DC7-AB32-4DD0-B52E-0CE7C82C5ECC}.Debug|x64.ActiveCfg = Debug|x64
		{8C060DC7-AB32-4DD0-B52E-0CE7C82C5ECC}.Debug|x64.Build.0 = Debug|x64
		{8C060DC7-AB32-4DD0-B52E-0CE7C82C5ECC}.Debug|x86.ActiveCfg = Debug|x64
		{8C060DC7-AB32-4DD0-B52E-0CE7C82C5ECC}.Debug|x86.Build.0 = Debug|x64
		{8C060DC7-AB32-4DD0-B52E-0CE7C82C5ECC}.Release|x64.ActiveCfg = Release|x64
		{8C060DC7-AB32-4DD0-B52E-0CE7C82C5ECC}.Release|x64.Build.0 = Release|x64
		{8C060DC7-AB32-4DD0-B52E-0CE7C82C5ECC}.Release|x86.ActiveCfg = Release|x64
		{8C060DC7-AB32-4DD0-B52E-0CE7C82C5ECC}.Release|x86.Build.0 = Release|x64
	EndGlobalSection
	GlobalSection(SolutionProperties) = preSolution
		HideSolutionNode = FALSE
	EndGlobalSection
	GlobalSection(NestedProjects) = preSolution
		{D35D0895-2B6A-4FFD-98DD-1F7603B6031E} = {73C297FB-978E-4F54-8E80-D1DC3070581C}
		{57757025-91E4-4359-A1F4-2791D175E4F8} = {73C297FB-978E-4F54-8E80-D1DC3070581C}
		{D7359AA8-795E-42AC-9F79-66601EA5C41C} = {8A9ECA90-74D3-49C0-9B0E-20EC7CEA9290}
		{DDF5C8B9-7880-4E13-BC5F-4F253180A447} = {73C297FB-978E-4F54-8E80-D1DC3070581C}
		{8B728EA2-1295-4C0E-8BD2-7DA50FB36559} = {73C297FB-978E-4F54-8E80-D1DC3070581C}
		{0A4060D4-2001-40B5-827E-086F0579CFBB} = {73C297FB-978E-4F54-8E80-D1DC3070581C}
		{382363F4-1724-44AF-A42E-4EB0844D695D} = {8A9ECA90-74D3-49C0-9B0E-20EC7CEA9290}
		{116E03DE-F580-446B-81A6-0F8415A5729F} = {8A9ECA90-74D3-49C0-9B0E-20EC7CEA9290}
		{14ADD037-E945-4686-8045-E647D3BDC584} = {8A9ECA90-74D3-49C0-9B0E-20EC7CEA9290}
		{8C060DC7-AB32-4DD0-B52E-0CE7C82C5ECC} = {8A9ECA90-74D3-49C0-9B0E-20EC7CEA9290}
	EndGlobalSection
	GlobalSection(ExtensibilityGlobals) = postSolution
		SolutionGuid = {B5F4058F-237F-4A1B-93B6-46C5D7780DB8}
	EndGlobalSection
EndGlobal
